// !$*UTF8*$!
{
	archiveVersion = 1;
	classes = {
	};
	objectVersion = 46;
	objects = {

/* Begin PBXBuildFile section */
		453AD2201F383E3800BB157D /* AboutAppViewController.xib in Resources */ = {isa = PBXBuildFile; fileRef = 453AD21F1F383E3800BB157D /* AboutAppViewController.xib */; };
		4549F8F31F30D3FD004E38F8 /* AppDelegate.swift in Sources */ = {isa = PBXBuildFile; fileRef = 4549F8F21F30D3FD004E38F8 /* AppDelegate.swift */; };
		4549F8FA1F30D3FD004E38F8 /* Assets.xcassets in Resources */ = {isa = PBXBuildFile; fileRef = 4549F8F91F30D3FD004E38F8 /* Assets.xcassets */; };
		4549F8FD1F30D3FD004E38F8 /* LaunchScreen.storyboard in Resources */ = {isa = PBXBuildFile; fileRef = 4549F8FB1F30D3FD004E38F8 /* LaunchScreen.storyboard */; };
		45C970EC1F30D7CA00B22C3A /* NavigationFlowCoordinator.framework in Frameworks */ = {isa = PBXBuildFile; fileRef = 4549F90F1F30D6F7004E38F8 /* NavigationFlowCoordinator.framework */; };
		45C970ED1F30D7CA00B22C3A /* NavigationFlowCoordinator.framework in Embed Frameworks */ = {isa = PBXBuildFile; fileRef = 4549F90F1F30D6F7004E38F8 /* NavigationFlowCoordinator.framework */; settings = {ATTRIBUTES = (CodeSignOnCopy, RemoveHeadersOnCopy, ); }; };
		45D11D791F34603F00ECA2BF /* MovieUpdatedFlowEvent.swift in Sources */ = {isa = PBXBuildFile; fileRef = 45D11D781F34603F00ECA2BF /* MovieUpdatedFlowEvent.swift */; };
		45D11D7B1F34661F00ECA2BF /* Extensions.swift in Sources */ = {isa = PBXBuildFile; fileRef = 45D11D7A1F34661F00ECA2BF /* Extensions.swift */; };
		45D11D7D1F3470A200ECA2BF /* MovieCreatedFlowEvent.swift in Sources */ = {isa = PBXBuildFile; fileRef = 45D11D7C1F3470A200ECA2BF /* MovieCreatedFlowEvent.swift */; };
		45ED4EAB1F31EBBD004B3FED /* Connection.swift in Sources */ = {isa = PBXBuildFile; fileRef = 45ED4EAA1F31EBBD004B3FED /* Connection.swift */; };
		45ED4EAE1F31ED34004B3FED /* Movie.swift in Sources */ = {isa = PBXBuildFile; fileRef = 45ED4EAD1F31ED34004B3FED /* Movie.swift */; };
		45ED4EB01F31ED64004B3FED /* MovieGenre.swift in Sources */ = {isa = PBXBuildFile; fileRef = 45ED4EAF1F31ED64004B3FED /* MovieGenre.swift */; };
		45ED4EB21F31EFA3004B3FED /* MovieShortInfo.swift in Sources */ = {isa = PBXBuildFile; fileRef = 45ED4EB11F31EFA3004B3FED /* MovieShortInfo.swift */; };
		45ED4EB71F31FCD1004B3FED /* MoviesListViewController.swift in Sources */ = {isa = PBXBuildFile; fileRef = 45ED4EB61F31FCD1004B3FED /* MoviesListViewController.swift */; };
		45ED4EB91F31FD37004B3FED /* MoviesListViewController.xib in Resources */ = {isa = PBXBuildFile; fileRef = 45ED4EB81F31FD37004B3FED /* MoviesListViewController.xib */; };
		45ED4EBB1F31FE1D004B3FED /* MoviesListCoordinator.swift in Sources */ = {isa = PBXBuildFile; fileRef = 45ED4EBA1F31FE1D004B3FED /* MoviesListCoordinator.swift */; };
		45ED4EBE1F3220AD004B3FED /* MockedConnection.swift in Sources */ = {isa = PBXBuildFile; fileRef = 45ED4EBD1F3220AD004B3FED /* MockedConnection.swift */; };
		45ED4EC01F325033004B3FED /* MovieDetailsViewController.swift in Sources */ = {isa = PBXBuildFile; fileRef = 45ED4EBF1F325033004B3FED /* MovieDetailsViewController.swift */; };
		45ED4EC21F325234004B3FED /* MovieDetailsViewController.xib in Resources */ = {isa = PBXBuildFile; fileRef = 45ED4EC11F325234004B3FED /* MovieDetailsViewController.xib */; };
		45ED4EC41F330096004B3FED /* MovieDetailsCoordinator.swift in Sources */ = {isa = PBXBuildFile; fileRef = 45ED4EC31F330096004B3FED /* MovieDetailsCoordinator.swift */; };
		45ED4EC61F330303004B3FED /* MovieCreateOrUpdateCoordinator.swift in Sources */ = {isa = PBXBuildFile; fileRef = 45ED4EC51F330303004B3FED /* MovieCreateOrUpdateCoordinator.swift */; };
		45ED4EC81F330349004B3FED /* MovieCreateOrUpdateViewController.swift in Sources */ = {isa = PBXBuildFile; fileRef = 45ED4EC71F330349004B3FED /* MovieCreateOrUpdateViewController.swift */; };
		45ED4ECA1F330354004B3FED /* MovieCreateOrUpdateViewController.xib in Resources */ = {isa = PBXBuildFile; fileRef = 45ED4EC91F330354004B3FED /* MovieCreateOrUpdateViewController.xib */; };
		75BFEC2920543E0400C0726C /* AboutAppCoordinator.swift in Sources */ = {isa = PBXBuildFile; fileRef = 75BFEC2820543E0400C0726C /* AboutAppCoordinator.swift */; };
		75BFEC2B20543E9100C0726C /* AboutAppViewController.swift in Sources */ = {isa = PBXBuildFile; fileRef = 75BFEC2A20543E9100C0726C /* AboutAppViewController.swift */; };
/* End PBXBuildFile section */

/* Begin PBXContainerItemProxy section */
		4549F90E1F30D6F7004E38F8 /* PBXContainerItemProxy */ = {
			isa = PBXContainerItemProxy;
			containerPortal = 4549F90A1F30D6F7004E38F8 /* NavigationFlowCoordinator.xcodeproj */;
			proxyType = 2;
			remoteGlobalIDString = 45A5DD8D1F30BFB90084D00A;
			remoteInfo = NavigationFlowCoordinator;
		};
		45C970EE1F30D7CA00B22C3A /* PBXContainerItemProxy */ = {
			isa = PBXContainerItemProxy;
			containerPortal = 4549F90A1F30D6F7004E38F8 /* NavigationFlowCoordinator.xcodeproj */;
			proxyType = 1;
			remoteGlobalIDString = 45A5DD8C1F30BFB90084D00A;
			remoteInfo = NavigationFlowCoordinator;
		};
/* End PBXContainerItemProxy section */

/* Begin PBXCopyFilesBuildPhase section */
		45C970F01F30D7CA00B22C3A /* Embed Frameworks */ = {
			isa = PBXCopyFilesBuildPhase;
			buildActionMask = 2147483647;
			dstPath = "";
			dstSubfolderSpec = 10;
			files = (
				45C970ED1F30D7CA00B22C3A /* NavigationFlowCoordinator.framework in Embed Frameworks */,
			);
			name = "Embed Frameworks";
			runOnlyForDeploymentPostprocessing = 0;
		};
/* End PBXCopyFilesBuildPhase section */

/* Begin PBXFileReference section */
		453AD21F1F383E3800BB157D /* AboutAppViewController.xib */ = {isa = PBXFileReference; fileEncoding = 4; lastKnownFileType = file.xib; path = AboutAppViewController.xib; sourceTree = "<group>"; };
		4549F8EF1F30D3FD004E38F8 /* NavigationFlowCoordinatorExample.app */ = {isa = PBXFileReference; explicitFileType = wrapper.application; includeInIndex = 0; path = NavigationFlowCoordinatorExample.app; sourceTree = BUILT_PRODUCTS_DIR; };
		4549F8F21F30D3FD004E38F8 /* AppDelegate.swift */ = {isa = PBXFileReference; lastKnownFileType = sourcecode.swift; path = AppDelegate.swift; sourceTree = "<group>"; };
		4549F8F91F30D3FD004E38F8 /* Assets.xcassets */ = {isa = PBXFileReference; lastKnownFileType = folder.assetcatalog; path = Assets.xcassets; sourceTree = "<group>"; };
		4549F8FC1F30D3FD004E38F8 /* Base */ = {isa = PBXFileReference; lastKnownFileType = file.storyboard; name = Base; path = Base.lproj/LaunchScreen.storyboard; sourceTree = "<group>"; };
		4549F8FE1F30D3FD004E38F8 /* Info.plist */ = {isa = PBXFileReference; lastKnownFileType = text.plist.xml; path = Info.plist; sourceTree = "<group>"; };
		4549F90A1F30D6F7004E38F8 /* NavigationFlowCoordinator.xcodeproj */ = {isa = PBXFileReference; lastKnownFileType = "wrapper.pb-project"; name = NavigationFlowCoordinator.xcodeproj; path = ../NavigationFlowCoordinator.xcodeproj; sourceTree = "<group>"; };
		45D11D781F34603F00ECA2BF /* MovieUpdatedFlowEvent.swift */ = {isa = PBXFileReference; fileEncoding = 4; lastKnownFileType = sourcecode.swift; path = MovieUpdatedFlowEvent.swift; sourceTree = "<group>"; };
		45D11D7A1F34661F00ECA2BF /* Extensions.swift */ = {isa = PBXFileReference; fileEncoding = 4; lastKnownFileType = sourcecode.swift; path = Extensions.swift; sourceTree = "<group>"; };
		45D11D7C1F3470A200ECA2BF /* MovieCreatedFlowEvent.swift */ = {isa = PBXFileReference; fileEncoding = 4; lastKnownFileType = sourcecode.swift; path = MovieCreatedFlowEvent.swift; sourceTree = "<group>"; };
		45ED4EAA1F31EBBD004B3FED /* Connection.swift */ = {isa = PBXFileReference; fileEncoding = 4; lastKnownFileType = sourcecode.swift; path = Connection.swift; sourceTree = "<group>"; };
		45ED4EAD1F31ED34004B3FED /* Movie.swift */ = {isa = PBXFileReference; fileEncoding = 4; lastKnownFileType = sourcecode.swift; path = Movie.swift; sourceTree = "<group>"; };
		45ED4EAF1F31ED64004B3FED /* MovieGenre.swift */ = {isa = PBXFileReference; fileEncoding = 4; lastKnownFileType = sourcecode.swift; path = MovieGenre.swift; sourceTree = "<group>"; };
		45ED4EB11F31EFA3004B3FED /* MovieShortInfo.swift */ = {isa = PBXFileReference; fileEncoding = 4; lastKnownFileType = sourcecode.swift; path = MovieShortInfo.swift; sourceTree = "<group>"; };
		45ED4EB61F31FCD1004B3FED /* MoviesListViewController.swift */ = {isa = PBXFileReference; fileEncoding = 4; lastKnownFileType = sourcecode.swift; path = MoviesListViewController.swift; sourceTree = "<group>"; };
		45ED4EB81F31FD37004B3FED /* MoviesListViewController.xib */ = {isa = PBXFileReference; fileEncoding = 4; lastKnownFileType = file.xib; path = MoviesListViewController.xib; sourceTree = "<group>"; };
		45ED4EBA1F31FE1D004B3FED /* MoviesListCoordinator.swift */ = {isa = PBXFileReference; fileEncoding = 4; lastKnownFileType = sourcecode.swift; path = MoviesListCoordinator.swift; sourceTree = "<group>"; };
		45ED4EBD1F3220AD004B3FED /* MockedConnection.swift */ = {isa = PBXFileReference; fileEncoding = 4; lastKnownFileType = sourcecode.swift; path = MockedConnection.swift; sourceTree = "<group>"; };
		45ED4EBF1F325033004B3FED /* MovieDetailsViewController.swift */ = {isa = PBXFileReference; fileEncoding = 4; lastKnownFileType = sourcecode.swift; path = MovieDetailsViewController.swift; sourceTree = "<group>"; };
		45ED4EC11F325234004B3FED /* MovieDetailsViewController.xib */ = {isa = PBXFileReference; fileEncoding = 4; lastKnownFileType = file.xib; path = MovieDetailsViewController.xib; sourceTree = "<group>"; };
		45ED4EC31F330096004B3FED /* MovieDetailsCoordinator.swift */ = {isa = PBXFileReference; fileEncoding = 4; lastKnownFileType = sourcecode.swift; path = MovieDetailsCoordinator.swift; sourceTree = "<group>"; };
		45ED4EC51F330303004B3FED /* MovieCreateOrUpdateCoordinator.swift */ = {isa = PBXFileReference; fileEncoding = 4; lastKnownFileType = sourcecode.swift; path = MovieCreateOrUpdateCoordinator.swift; sourceTree = "<group>"; };
		45ED4EC71F330349004B3FED /* MovieCreateOrUpdateViewController.swift */ = {isa = PBXFileReference; fileEncoding = 4; lastKnownFileType = sourcecode.swift; path = MovieCreateOrUpdateViewController.swift; sourceTree = "<group>"; };
		45ED4EC91F330354004B3FED /* MovieCreateOrUpdateViewController.xib */ = {isa = PBXFileReference; fileEncoding = 4; lastKnownFileType = file.xib; path = MovieCreateOrUpdateViewController.xib; sourceTree = "<group>"; };
		75BFEC2820543E0400C0726C /* AboutAppCoordinator.swift */ = {isa = PBXFileReference; lastKnownFileType = sourcecode.swift; path = AboutAppCoordinator.swift; sourceTree = "<group>"; };
		75BFEC2A20543E9100C0726C /* AboutAppViewController.swift */ = {isa = PBXFileReference; fileEncoding = 4; lastKnownFileType = sourcecode.swift; path = AboutAppViewController.swift; sourceTree = "<group>"; };
/* End PBXFileReference section */

/* Begin PBXFrameworksBuildPhase section */
		4549F8EC1F30D3FD004E38F8 /* Frameworks */ = {
			isa = PBXFrameworksBuildPhase;
			buildActionMask = 2147483647;
			files = (
				45C970EC1F30D7CA00B22C3A /* NavigationFlowCoordinator.framework in Frameworks */,
			);
			runOnlyForDeploymentPostprocessing = 0;
		};
/* End PBXFrameworksBuildPhase section */

/* Begin PBXGroup section */
		4549F8E61F30D3FD004E38F8 = {
			isa = PBXGroup;
			children = (
				4549F90A1F30D6F7004E38F8 /* NavigationFlowCoordinator.xcodeproj */,
				4549F8F11F30D3FD004E38F8 /* NavigationFlowCoordinatorExample */,
				4549F8F01F30D3FD004E38F8 /* Products */,
			);
			sourceTree = "<group>";
		};
		4549F8F01F30D3FD004E38F8 /* Products */ = {
			isa = PBXGroup;
			children = (
				4549F8EF1F30D3FD004E38F8 /* NavigationFlowCoordinatorExample.app */,
			);
			name = Products;
			sourceTree = "<group>";
		};
		4549F8F11F30D3FD004E38F8 /* NavigationFlowCoordinatorExample */ = {
			isa = PBXGroup;
			children = (
				45ED4EBC1F32205E004B3FED /* Coordinators */,
				45ED4EB51F31FCAD004B3FED /* ViewControllers */,
				45ED4EAC1F31ED25004B3FED /* Model */,
				45ED4EA91F31EB94004B3FED /* Connection */,
				4549F8F21F30D3FD004E38F8 /* AppDelegate.swift */,
				4549F8F91F30D3FD004E38F8 /* Assets.xcassets */,
				4549F8FB1F30D3FD004E38F8 /* LaunchScreen.storyboard */,
				4549F8FE1F30D3FD004E38F8 /* Info.plist */,
				45D11D7A1F34661F00ECA2BF /* Extensions.swift */,
			);
			path = NavigationFlowCoordinatorExample;
			sourceTree = "<group>";
		};
		4549F90B1F30D6F7004E38F8 /* Products */ = {
			isa = PBXGroup;
			children = (
				4549F90F1F30D6F7004E38F8 /* NavigationFlowCoordinator.framework */,
			);
			name = Products;
			sourceTree = "<group>";
		};
		45D11D771F34602000ECA2BF /* FlowEvents */ = {
			isa = PBXGroup;
			children = (
				45D11D781F34603F00ECA2BF /* MovieUpdatedFlowEvent.swift */,
				45D11D7C1F3470A200ECA2BF /* MovieCreatedFlowEvent.swift */,
			);
			name = FlowEvents;
			sourceTree = "<group>";
		};
		45ED4EA91F31EB94004B3FED /* Connection */ = {
			isa = PBXGroup;
			children = (
				45ED4EAA1F31EBBD004B3FED /* Connection.swift */,
				45ED4EBD1F3220AD004B3FED /* MockedConnection.swift */,
			);
			name = Connection;
			sourceTree = "<group>";
		};
		45ED4EAC1F31ED25004B3FED /* Model */ = {
			isa = PBXGroup;
			children = (
				45ED4EAD1F31ED34004B3FED /* Movie.swift */,
				45ED4EAF1F31ED64004B3FED /* MovieGenre.swift */,
				45ED4EB11F31EFA3004B3FED /* MovieShortInfo.swift */,
			);
			name = Model;
			sourceTree = "<group>";
		};
		45ED4EB51F31FCAD004B3FED /* ViewControllers */ = {
			isa = PBXGroup;
			children = (
				45ED4EB61F31FCD1004B3FED /* MoviesListViewController.swift */,
				45ED4EB81F31FD37004B3FED /* MoviesListViewController.xib */,
				45ED4EBF1F325033004B3FED /* MovieDetailsViewController.swift */,
				45ED4EC11F325234004B3FED /* MovieDetailsViewController.xib */,
				45ED4EC71F330349004B3FED /* MovieCreateOrUpdateViewController.swift */,
				45ED4EC91F330354004B3FED /* MovieCreateOrUpdateViewController.xib */,
				75BFEC2820543E0400C0726C /* AboutAppCoordinator.swift */,
				75BFEC2A20543E9100C0726C /* AboutAppViewController.swift */,
				453AD21F1F383E3800BB157D /* AboutAppViewController.xib */,
			);
			name = ViewControllers;
			sourceTree = "<group>";
		};
		45ED4EBC1F32205E004B3FED /* Coordinators */ = {
			isa = PBXGroup;
			children = (
				45D11D771F34602000ECA2BF /* FlowEvents */,
				45ED4EBA1F31FE1D004B3FED /* MoviesListCoordinator.swift */,
				45ED4EC31F330096004B3FED /* MovieDetailsCoordinator.swift */,
				45ED4EC51F330303004B3FED /* MovieCreateOrUpdateCoordinator.swift */,
			);
			name = Coordinators;
			sourceTree = "<group>";
		};
/* End PBXGroup section */

/* Begin PBXNativeTarget section */
		4549F8EE1F30D3FD004E38F8 /* NavigationFlowCoordinatorExample */ = {
			isa = PBXNativeTarget;
			buildConfigurationList = 4549F9011F30D3FD004E38F8 /* Build configuration list for PBXNativeTarget "NavigationFlowCoordinatorExample" */;
			buildPhases = (
				4549F8EB1F30D3FD004E38F8 /* Sources */,
				4549F8EC1F30D3FD004E38F8 /* Frameworks */,
				4549F8ED1F30D3FD004E38F8 /* Resources */,
				45C970F01F30D7CA00B22C3A /* Embed Frameworks */,
			);
			buildRules = (
			);
			dependencies = (
				45C970EF1F30D7CA00B22C3A /* PBXTargetDependency */,
			);
			name = NavigationFlowCoordinatorExample;
			productName = NavigationFlowCoordinatorExample;
			productReference = 4549F8EF1F30D3FD004E38F8 /* NavigationFlowCoordinatorExample.app */;
			productType = "com.apple.product-type.application";
		};
/* End PBXNativeTarget section */

/* Begin PBXProject section */
		4549F8E71F30D3FD004E38F8 /* Project object */ = {
			isa = PBXProject;
			attributes = {
				LastSwiftUpdateCheck = 0830;
				LastUpgradeCheck = 0920;
				ORGANIZATIONNAME = Rndity;
				TargetAttributes = {
					4549F8EE1F30D3FD004E38F8 = {
						CreatedOnToolsVersion = 8.3.3;
						ProvisioningStyle = Automatic;
					};
				};
			};
			buildConfigurationList = 4549F8EA1F30D3FD004E38F8 /* Build configuration list for PBXProject "NavigationFlowCoordinatorExample" */;
			compatibilityVersion = "Xcode 3.2";
			developmentRegion = English;
			hasScannedForEncodings = 0;
			knownRegions = (
				en,
				Base,
			);
			mainGroup = 4549F8E61F30D3FD004E38F8;
			productRefGroup = 4549F8F01F30D3FD004E38F8 /* Products */;
			projectDirPath = "";
			projectReferences = (
				{
					ProductGroup = 4549F90B1F30D6F7004E38F8 /* Products */;
					ProjectRef = 4549F90A1F30D6F7004E38F8 /* NavigationFlowCoordinator.xcodeproj */;
				},
			);
			projectRoot = "";
			targets = (
				4549F8EE1F30D3FD004E38F8 /* NavigationFlowCoordinatorExample */,
			);
		};
/* End PBXProject section */

/* Begin PBXReferenceProxy section */
		4549F90F1F30D6F7004E38F8 /* NavigationFlowCoordinator.framework */ = {
			isa = PBXReferenceProxy;
			fileType = wrapper.framework;
			path = NavigationFlowCoordinator.framework;
			remoteRef = 4549F90E1F30D6F7004E38F8 /* PBXContainerItemProxy */;
			sourceTree = BUILT_PRODUCTS_DIR;
		};
/* End PBXReferenceProxy section */

/* Begin PBXResourcesBuildPhase section */
		4549F8ED1F30D3FD004E38F8 /* Resources */ = {
			isa = PBXResourcesBuildPhase;
			buildActionMask = 2147483647;
			files = (
				45ED4EC21F325234004B3FED /* MovieDetailsViewController.xib in Resources */,
				4549F8FD1F30D3FD004E38F8 /* LaunchScreen.storyboard in Resources */,
				4549F8FA1F30D3FD004E38F8 /* Assets.xcassets in Resources */,
				45ED4ECA1F330354004B3FED /* MovieCreateOrUpdateViewController.xib in Resources */,
				453AD2201F383E3800BB157D /* AboutAppViewController.xib in Resources */,
				45ED4EB91F31FD37004B3FED /* MoviesListViewController.xib in Resources */,
			);
			runOnlyForDeploymentPostprocessing = 0;
		};
/* End PBXResourcesBuildPhase section */

/* Begin PBXSourcesBuildPhase section */
		4549F8EB1F30D3FD004E38F8 /* Sources */ = {
			isa = PBXSourcesBuildPhase;
			buildActionMask = 2147483647;
			files = (
				45ED4EC41F330096004B3FED /* MovieDetailsCoordinator.swift in Sources */,
				45ED4EB71F31FCD1004B3FED /* MoviesListViewController.swift in Sources */,
				75BFEC2B20543E9100C0726C /* AboutAppViewController.swift in Sources */,
				45ED4EBB1F31FE1D004B3FED /* MoviesListCoordinator.swift in Sources */,
				45ED4EC01F325033004B3FED /* MovieDetailsViewController.swift in Sources */,
				45D11D7D1F3470A200ECA2BF /* MovieCreatedFlowEvent.swift in Sources */,
				45ED4EAB1F31EBBD004B3FED /* Connection.swift in Sources */,
				75BFEC2920543E0400C0726C /* AboutAppCoordinator.swift in Sources */,
				45ED4EC81F330349004B3FED /* MovieCreateOrUpdateViewController.swift in Sources */,
				45D11D791F34603F00ECA2BF /* MovieUpdatedFlowEvent.swift in Sources */,
				45ED4EB01F31ED64004B3FED /* MovieGenre.swift in Sources */,
				45ED4EBE1F3220AD004B3FED /* MockedConnection.swift in Sources */,
				45ED4EC61F330303004B3FED /* MovieCreateOrUpdateCoordinator.swift in Sources */,
				45ED4EB21F31EFA3004B3FED /* MovieShortInfo.swift in Sources */,
				45ED4EAE1F31ED34004B3FED /* Movie.swift in Sources */,
				4549F8F31F30D3FD004E38F8 /* AppDelegate.swift in Sources */,
				45D11D7B1F34661F00ECA2BF /* Extensions.swift in Sources */,
			);
			runOnlyForDeploymentPostprocessing = 0;
		};
/* End PBXSourcesBuildPhase section */

/* Begin PBXTargetDependency section */
		45C970EF1F30D7CA00B22C3A /* PBXTargetDependency */ = {
			isa = PBXTargetDependency;
			name = NavigationFlowCoordinator;
			targetProxy = 45C970EE1F30D7CA00B22C3A /* PBXContainerItemProxy */;
		};
/* End PBXTargetDependency section */

/* Begin PBXVariantGroup section */
		4549F8FB1F30D3FD004E38F8 /* LaunchScreen.storyboard */ = {
			isa = PBXVariantGroup;
			children = (
				4549F8FC1F30D3FD004E38F8 /* Base */,
			);
			name = LaunchScreen.storyboard;
			sourceTree = "<group>";
		};
/* End PBXVariantGroup section */

/* Begin XCBuildConfiguration section */
		4549F8FF1F30D3FD004E38F8 /* Debug */ = {
			isa = XCBuildConfiguration;
			buildSettings = {
				ALWAYS_SEARCH_USER_PATHS = NO;
				CLANG_ANALYZER_NONNULL = YES;
				CLANG_ANALYZER_NUMBER_OBJECT_CONVERSION = YES_AGGRESSIVE;
				CLANG_CXX_LANGUAGE_STANDARD = "gnu++0x";
				CLANG_CXX_LIBRARY = "libc++";
				CLANG_ENABLE_MODULES = YES;
				CLANG_ENABLE_OBJC_ARC = YES;
				CLANG_WARN_BLOCK_CAPTURE_AUTORELEASING = YES;
				CLANG_WARN_BOOL_CONVERSION = YES;
				CLANG_WARN_COMMA = YES;
				CLANG_WARN_CONSTANT_CONVERSION = YES;
				CLANG_WARN_DIRECT_OBJC_ISA_USAGE = YES_ERROR;
				CLANG_WARN_DOCUMENTATION_COMMENTS = YES;
				CLANG_WARN_EMPTY_BODY = YES;
				CLANG_WARN_ENUM_CONVERSION = YES;
				CLANG_WARN_INFINITE_RECURSION = YES;
				CLANG_WARN_INT_CONVERSION = YES;
				CLANG_WARN_NON_LITERAL_NULL_CONVERSION = YES;
				CLANG_WARN_OBJC_LITERAL_CONVERSION = YES;
				CLANG_WARN_OBJC_ROOT_CLASS = YES_ERROR;
				CLANG_WARN_RANGE_LOOP_ANALYSIS = YES;
				CLANG_WARN_STRICT_PROTOTYPES = YES;
				CLANG_WARN_SUSPICIOUS_MOVE = YES;
				CLANG_WARN_UNREACHABLE_CODE = YES;
				CLANG_WARN__DUPLICATE_METHOD_MATCH = YES;
				"CODE_SIGN_IDENTITY[sdk=iphoneos*]" = "iPhone Developer";
				COPY_PHASE_STRIP = NO;
				DEBUG_INFORMATION_FORMAT = dwarf;
				ENABLE_STRICT_OBJC_MSGSEND = YES;
				ENABLE_TESTABILITY = YES;
				GCC_C_LANGUAGE_STANDARD = gnu99;
				GCC_DYNAMIC_NO_PIC = NO;
				GCC_NO_COMMON_BLOCKS = YES;
				GCC_OPTIMIZATION_LEVEL = 0;
				GCC_PREPROCESSOR_DEFINITIONS = (
					"DEBUG=1",
					"$(inherited)",
				);
				GCC_WARN_64_TO_32_BIT_CONVERSION = YES;
				GCC_WARN_ABOUT_RETURN_TYPE = YES_ERROR;
				GCC_WARN_UNDECLARED_SELECTOR = YES;
				GCC_WARN_UNINITIALIZED_AUTOS = YES_AGGRESSIVE;
				GCC_WARN_UNUSED_FUNCTION = YES;
				GCC_WARN_UNUSED_VARIABLE = YES;
				IPHONEOS_DEPLOYMENT_TARGET = 11.2;
				MTL_ENABLE_DEBUG_INFO = YES;
				ONLY_ACTIVE_ARCH = YES;
				SDKROOT = iphoneos;
				SWIFT_ACTIVE_COMPILATION_CONDITIONS = DEBUG;
				SWIFT_OPTIMIZATION_LEVEL = "-Onone";
				SWIFT_VERSION = 4.0;
				TARGETED_DEVICE_FAMILY = "1,2";
			};
			name = Debug;
		};
		4549F9001F30D3FD004E38F8 /* Release */ = {
			isa = XCBuildConfiguration;
			buildSettings = {
				ALWAYS_SEARCH_USER_PATHS = NO;
				CLANG_ANALYZER_NONNULL = YES;
				CLANG_ANALYZER_NUMBER_OBJECT_CONVERSION = YES_AGGRESSIVE;
				CLANG_CXX_LANGUAGE_STANDARD = "gnu++0x";
				CLANG_CXX_LIBRARY = "libc++";
				CLANG_ENABLE_MODULES = YES;
				CLANG_ENABLE_OBJC_ARC = YES;
				CLANG_WARN_BLOCK_CAPTURE_AUTORELEASING = YES;
				CLANG_WARN_BOOL_CONVERSION = YES;
				CLANG_WARN_COMMA = YES;
				CLANG_WARN_CONSTANT_CONVERSION = YES;
				CLANG_WARN_DIRECT_OBJC_ISA_USAGE = YES_ERROR;
				CLANG_WARN_DOCUMENTATION_COMMENTS = YES;
				CLANG_WARN_EMPTY_BODY = YES;
				CLANG_WARN_ENUM_CONVERSION = YES;
				CLANG_WARN_INFINITE_RECURSION = YES;
				CLANG_WARN_INT_CONVERSION = YES;
				CLANG_WARN_NON_LITERAL_NULL_CONVERSION = YES;
				CLANG_WARN_OBJC_LITERAL_CONVERSION = YES;
				CLANG_WARN_OBJC_ROOT_CLASS = YES_ERROR;
				CLANG_WARN_RANGE_LOOP_ANALYSIS = YES;
				CLANG_WARN_STRICT_PROTOTYPES = YES;
				CLANG_WARN_SUSPICIOUS_MOVE = YES;
				CLANG_WARN_UNREACHABLE_CODE = YES;
				CLANG_WARN__DUPLICATE_METHOD_MATCH = YES;
				"CODE_SIGN_IDENTITY[sdk=iphoneos*]" = "iPhone Developer";
				COPY_PHASE_STRIP = NO;
				DEBUG_INFORMATION_FORMAT = "dwarf-with-dsym";
				ENABLE_NS_ASSERTIONS = NO;
				ENABLE_STRICT_OBJC_MSGSEND = YES;
				GCC_C_LANGUAGE_STANDARD = gnu99;
				GCC_NO_COMMON_BLOCKS = YES;
				GCC_WARN_64_TO_32_BIT_CONVERSION = YES;
				GCC_WARN_ABOUT_RETURN_TYPE = YES_ERROR;
				GCC_WARN_UNDECLARED_SELECTOR = YES;
				GCC_WARN_UNINITIALIZED_AUTOS = YES_AGGRESSIVE;
				GCC_WARN_UNUSED_FUNCTION = YES;
				GCC_WARN_UNUSED_VARIABLE = YES;
				IPHONEOS_DEPLOYMENT_TARGET = 11.2;
				MTL_ENABLE_DEBUG_INFO = NO;
				SDKROOT = iphoneos;
				SWIFT_OPTIMIZATION_LEVEL = "-Owholemodule";
				SWIFT_VERSION = 4.0;
				TARGETED_DEVICE_FAMILY = "1,2";
				VALIDATE_PRODUCT = YES;
			};
			name = Release;
		};
		4549F9021F30D3FD004E38F8 /* Debug */ = {
			isa = XCBuildConfiguration;
			buildSettings = {
				ALWAYS_EMBED_SWIFT_STANDARD_LIBRARIES = YES;
				ASSETCATALOG_COMPILER_APPICON_NAME = AppIcon;
				DEVELOPMENT_TEAM = "";
				INFOPLIST_FILE = NavigationFlowCoordinatorExample/Info.plist;
				IPHONEOS_DEPLOYMENT_TARGET = 11.2;
				LD_RUNPATH_SEARCH_PATHS = "$(inherited) @executable_path/Frameworks";
				PRODUCT_BUNDLE_IDENTIFIER = com.rndity.NavigationFlowCoordinatorExample;
				PRODUCT_NAME = "$(TARGET_NAME)";
				SWIFT_VERSION = 4.0;
			};
			name = Debug;
		};
		4549F9031F30D3FD004E38F8 /* Release */ = {
			isa = XCBuildConfiguration;
			buildSettings = {
				ALWAYS_EMBED_SWIFT_STANDARD_LIBRARIES = YES;
				ASSETCATALOG_COMPILER_APPICON_NAME = AppIcon;
				DEVELOPMENT_TEAM = "";
				INFOPLIST_FILE = NavigationFlowCoordinatorExample/Info.plist;
				IPHONEOS_DEPLOYMENT_TARGET = 11.2;
				LD_RUNPATH_SEARCH_PATHS = "$(inherited) @executable_path/Frameworks";
				PRODUCT_BUNDLE_IDENTIFIER = com.rndity.NavigationFlowCoordinatorExample;
				PRODUCT_NAME = "$(TARGET_NAME)";
				SWIFT_VERSION = 4.0;
			};
			name = Release;
		};
/* End XCBuildConfiguration section */

/* Begin XCConfigurationList section */
		4549F8EA1F30D3FD004E38F8 /* Build configuration list for PBXProject "NavigationFlowCoordinatorExample" */ = {
			isa = XCConfigurationList;
			buildConfigurations = (
				4549F8FF1F30D3FD004E38F8 /* Debug */,
				4549F9001F30D3FD004E38F8 /* Release */,
			);
			defaultConfigurationIsVisible = 0;
			defaultConfigurationName = Release;
		};
		4549F9011F30D3FD004E38F8 /* Build configuration list for PBXNativeTarget "NavigationFlowCoordinatorExample" */ = {
			isa = XCConfigurationList;
			buildConfigurations = (
				4549F9021F30D3FD004E38F8 /* Debug */,
				4549F9031F30D3FD004E38F8 /* Release */,
			);
			defaultConfigurationIsVisible = 0;
			defaultConfigurationName = Release;
		};
/* End XCConfigurationList section */
	};
	rootObject = 4549F8E71F30D3FD004E38F8 /* Project object */;
}
